
Microsoft Visual Studio Solution File, Format Version 12.00
# Visual Studio Version 17
VisualStudioVersion = 17.10.35201.131
MinimumVisualStudioVersion = 10.0.40219.1
Project("{9A19103F-16F7-4668-BE54-9A1E7A4F7556}") = "ProFin.API", "src\Back-End\ProFin.API\ProFin.API.csproj", "{DA20925C-E047-46DC-B64A-8ACDAF861D5D}"
EndProject
Project("{9A19103F-16F7-4668-BE54-9A1E7A4F7556}") = "ProFin.Core", "src\Back-End\ProFin.Core\ProFin.Core.csproj", "{023A852B-793B-46CD-B43F-FFF8219D730D}"
EndProject
Project("{9A19103F-16F7-4668-BE54-9A1E7A4F7556}") = "ProFin.Data", "src\Back-End\ProFin.Data\ProFin.Data.csproj", "{119313C5-4FCD-4ED5-AE79-70AE6F825859}"
EndProject
Global
	GlobalSection(SolutionConfigurationPlatforms) = preSolution
		Debug|Any CPU = Debug|Any CPU
		Release|Any CPU = Release|Any CPU
	EndGlobalSection
	GlobalSection(ProjectConfigurationPlatforms) = postSolution
		{DA20925C-E047-46DC-B64A-8ACDAF861D5D}.Debug|Any CPU.ActiveCfg = Debug|Any CPU
		{DA20925C-E047-46DC-B64A-8ACDAF861D5D}.Debug|Any CPU.Build.0 = Debug|Any CPU
		{DA20925C-E047-46DC-B64A-8ACDAF861D5D}.Release|Any CPU.ActiveCfg = Release|Any CPU
		{DA20925C-E047-46DC-B64A-8ACDAF861D5D}.Release|Any CPU.Build.0 = Release|Any CPU
		{023A852B-793B-46CD-B43F-FFF8219D730D}.Debug|Any CPU.ActiveCfg = Debug|Any CPU
		{023A852B-793B-46CD-B43F-FFF8219D730D}.Debug|Any CPU.Build.0 = Debug|Any CPU
		{023A852B-793B-46CD-B43F-FFF8219D730D}.Release|Any CPU.ActiveCfg = Release|Any CPU
		{023A852B-793B-46CD-B43F-FFF8219D730D}.Release|Any CPU.Build.0 = Release|Any CPU
		{119313C5-4FCD-4ED5-AE79-70AE6F825859}.Debug|Any CPU.ActiveCfg = Debug|Any CPU
		{119313C5-4FCD-4ED5-AE79-70AE6F825859}.Debug|Any CPU.Build.0 = Debug|Any CPU
		{119313C5-4FCD-4ED5-AE79-70AE6F825859}.Release|Any CPU.ActiveCfg = Release|Any CPU
		{119313C5-4FCD-4ED5-AE79-70AE6F825859}.Release|Any CPU.Build.0 = Release|Any CPU
	EndGlobalSection
	GlobalSection(SolutionProperties) = preSolution
		HideSolutionNode = FALSE
	EndGlobalSection
	GlobalSection(ExtensibilityGlobals) = postSolution
		SolutionGuid = {3E48AFDD-A430-4A22-B190-F57C6B854571}
	EndGlobalSection
EndGlobal
