
Microsoft Visual Studio Solution File, Format Version 12.00
# Visual Studio Version 17
VisualStudioVersion = 17.10.35201.131
MinimumVisualStudioVersion = 10.0.40219.1
Project("{9A19103F-16F7-4668-BE54-9A1E7A4F7556}") = "ProFin.API", "src\ProFin.API\ProFin.API.csproj", "{BECF7A27-8503-405C-A75B-7B1A20C4DEC3}"
EndProject
Project("{9A19103F-16F7-4668-BE54-9A1E7A4F7556}") = "ProFin.Core", "src\ProFin.Core\ProFin.Core.csproj", "{94968A3E-666B-4A0A-911F-EC09C3A9C6AA}"
EndProject
Project("{9A19103F-16F7-4668-BE54-9A1E7A4F7556}") = "ProFin.Identity", "src\ProFin.Identity\ProFin.Identity.csproj", "{1FCAEC46-32F6-49C4-B489-9662787DD05E}"
EndProject
Project("{9A19103F-16F7-4668-BE54-9A1E7A4F7556}") = "ProFin.Data", "src\ProFin.Data\ProFin.Data.csproj", "{B1E7761F-1EBD-48D6-8188-B2BDB9754ADC}"
EndProject
Project("{54A90642-561A-4BB1-A94E-469ADEE60C69}") = "ProFin.WebApp", "src\ProFin.WebApp\ProFin.WebApp.esproj", "{8AD3F51D-8E33-40E4-9E8D-8C3977E49645}"
EndProject
Global
	GlobalSection(SolutionConfigurationPlatforms) = preSolution
		Debug|Any CPU = Debug|Any CPU
		Release|Any CPU = Release|Any CPU
	EndGlobalSection
	GlobalSection(ProjectConfigurationPlatforms) = postSolution
		{BECF7A27-8503-405C-A75B-7B1A20C4DEC3}.Debug|Any CPU.ActiveCfg = Debug|Any CPU
		{BECF7A27-8503-405C-A75B-7B1A20C4DEC3}.Debug|Any CPU.Build.0 = Debug|Any CPU
		{BECF7A27-8503-405C-A75B-7B1A20C4DEC3}.Release|Any CPU.ActiveCfg = Release|Any CPU
		{BECF7A27-8503-405C-A75B-7B1A20C4DEC3}.Release|Any CPU.Build.0 = Release|Any CPU
		{94968A3E-666B-4A0A-911F-EC09C3A9C6AA}.Debug|Any CPU.ActiveCfg = Debug|Any CPU
		{94968A3E-666B-4A0A-911F-EC09C3A9C6AA}.Debug|Any CPU.Build.0 = Debug|Any CPU
		{94968A3E-666B-4A0A-911F-EC09C3A9C6AA}.Release|Any CPU.ActiveCfg = Release|Any CPU
		{94968A3E-666B-4A0A-911F-EC09C3A9C6AA}.Release|Any CPU.Build.0 = Release|Any CPU
		{1FCAEC46-32F6-49C4-B489-9662787DD05E}.Debug|Any CPU.ActiveCfg = Debug|Any CPU
		{1FCAEC46-32F6-49C4-B489-9662787DD05E}.Debug|Any CPU.Build.0 = Debug|Any CPU
		{1FCAEC46-32F6-49C4-B489-9662787DD05E}.Release|Any CPU.ActiveCfg = Release|Any CPU
		{1FCAEC46-32F6-49C4-B489-9662787DD05E}.Release|Any CPU.Build.0 = Release|Any CPU
		{B1E7761F-1EBD-48D6-8188-B2BDB9754ADC}.Debug|Any CPU.ActiveCfg = Debug|Any CPU
		{B1E7761F-1EBD-48D6-8188-B2BDB9754ADC}.Debug|Any CPU.Build.0 = Debug|Any CPU
		{B1E7761F-1EBD-48D6-8188-B2BDB9754ADC}.Release|Any CPU.ActiveCfg = Release|Any CPU
		{B1E7761F-1EBD-48D6-8188-B2BDB9754ADC}.Release|Any CPU.Build.0 = Release|Any CPU
		{8AD3F51D-8E33-40E4-9E8D-8C3977E49645}.Debug|Any CPU.ActiveCfg = Debug|Any CPU
		{8AD3F51D-8E33-40E4-9E8D-8C3977E49645}.Debug|Any CPU.Build.0 = Debug|Any CPU
		{8AD3F51D-8E33-40E4-9E8D-8C3977E49645}.Debug|Any CPU.Deploy.0 = Debug|Any CPU
		{8AD3F51D-8E33-40E4-9E8D-8C3977E49645}.Release|Any CPU.ActiveCfg = Release|Any CPU
		{8AD3F51D-8E33-40E4-9E8D-8C3977E49645}.Release|Any CPU.Build.0 = Release|Any CPU
		{8AD3F51D-8E33-40E4-9E8D-8C3977E49645}.Release|Any CPU.Deploy.0 = Release|Any CPU
	EndGlobalSection
	GlobalSection(SolutionProperties) = preSolution
		HideSolutionNode = FALSE
	EndGlobalSection
	GlobalSection(ExtensibilityGlobals) = postSolution
		SolutionGuid = {3E48AFDD-A430-4A22-B190-F57C6B854571}
	EndGlobalSection
EndGlobal
